
Microsoft Visual Studio Solution File, Format Version 12.00
# Visual Studio Version 16
VisualStudioVersion = 16.0.31025.194
MinimumVisualStudioVersion = 10.0.40219.1
Project("{FAE04EC0-301F-11D3-BF4B-00C04F79EFBC}") = "XMLhw", "XMLhw\XMLhw.csproj", "{08859723-9A9F-41D7-B67E-8038067A3F74}"
EndProject
Global
	GlobalSection(SolutionConfigurationPlatforms) = preSolution
		Debug|Any CPU = Debug|Any CPU
		Release|Any CPU = Release|Any CPU
	EndGlobalSection
	GlobalSection(ProjectConfigurationPlatforms) = postSolution
		{08859723-9A9F-41D7-B67E-8038067A3F74}.Debug|Any CPU.ActiveCfg = Debug|Any CPU
		{08859723-9A9F-41D7-B67E-8038067A3F74}.Debug|Any CPU.Build.0 = Debug|Any CPU
		{08859723-9A9F-41D7-B67E-8038067A3F74}.Release|Any CPU.ActiveCfg = Release|Any CPU
		{08859723-9A9F-41D7-B67E-8038067A3F74}.Release|Any CPU.Build.0 = Release|Any CPU
	EndGlobalSection
	GlobalSection(SolutionProperties) = preSolution
		HideSolutionNode = FALSE
	EndGlobalSection
	GlobalSection(ExtensibilityGlobals) = postSolution
		SolutionGuid = {653A89B9-9FC1-456D-AB53-1BB82BB1F513}
	EndGlobalSection
EndGlobal
